// !$*UTF8*$!
{
	archiveVersion = 1;
	classes = {
	};
	objectVersion = 50;
	objects = {

/* Begin PBXBuildFile section */
		258D38E02508D9FA003F6D81 /* AppDelegate.swift in Sources */ = {isa = PBXBuildFile; fileRef = 258D38DF2508D9FA003F6D81 /* AppDelegate.swift */; };
		258D38E22508D9FA003F6D81 /* SceneDelegate.swift in Sources */ = {isa = PBXBuildFile; fileRef = 258D38E12508D9FA003F6D81 /* SceneDelegate.swift */; };
		258D38E72508D9FA003F6D81 /* Main.storyboard in Resources */ = {isa = PBXBuildFile; fileRef = 258D38E52508D9FA003F6D81 /* Main.storyboard */; };
		258D38E92508D9FB003F6D81 /* Assets.xcassets in Resources */ = {isa = PBXBuildFile; fileRef = 258D38E82508D9FB003F6D81 /* Assets.xcassets */; };
		258D38EC2508D9FB003F6D81 /* LaunchScreen.storyboard in Resources */ = {isa = PBXBuildFile; fileRef = 258D38EA2508D9FB003F6D81 /* LaunchScreen.storyboard */; };
		258D38F62508FD10003F6D81 /* MainTabBarController.swift in Sources */ = {isa = PBXBuildFile; fileRef = 258D38F52508FD10003F6D81 /* MainTabBarController.swift */; };
		258D38F82508FD3C003F6D81 /* PersonViewController.swift in Sources */ = {isa = PBXBuildFile; fileRef = 258D38F72508FD3C003F6D81 /* PersonViewController.swift */; };
		258D38FA2508FD52003F6D81 /* ContactViewController.swift in Sources */ = {isa = PBXBuildFile; fileRef = 258D38F92508FD52003F6D81 /* ContactViewController.swift */; };
		258D38FC2508FD6E003F6D81 /* DetailViewController.swift in Sources */ = {isa = PBXBuildFile; fileRef = 258D38FB2508FD6E003F6D81 /* DetailViewController.swift */; };
		258D39022508FE4D003F6D81 /* Person.swift in Sources */ = {isa = PBXBuildFile; fileRef = 258D39012508FE4D003F6D81 /* Person.swift */; };
		258D39042508FE62003F6D81 /* DataManager.swift in Sources */ = {isa = PBXBuildFile; fileRef = 258D39032508FE62003F6D81 /* DataManager.swift */; };
/* End PBXBuildFile section */

/* Begin PBXFileReference section */
		258D38DC2508D9FA003F6D81 /* ContactList.app */ = {isa = PBXFileReference; explicitFileType = wrapper.application; includeInIndex = 0; path = ContactList.app; sourceTree = BUILT_PRODUCTS_DIR; };
		258D38DF2508D9FA003F6D81 /* AppDelegate.swift */ = {isa = PBXFileReference; lastKnownFileType = sourcecode.swift; path = AppDelegate.swift; sourceTree = "<group>"; };
		258D38E12508D9FA003F6D81 /* SceneDelegate.swift */ = {isa = PBXFileReference; lastKnownFileType = sourcecode.swift; path = SceneDelegate.swift; sourceTree = "<group>"; };
		258D38E62508D9FA003F6D81 /* Base */ = {isa = PBXFileReference; lastKnownFileType = file.storyboard; name = Base; path = Base.lproj/Main.storyboard; sourceTree = "<group>"; };
		258D38E82508D9FB003F6D81 /* Assets.xcassets */ = {isa = PBXFileReference; lastKnownFileType = folder.assetcatalog; path = Assets.xcassets; sourceTree = "<group>"; };
		258D38EB2508D9FB003F6D81 /* Base */ = {isa = PBXFileReference; lastKnownFileType = file.storyboard; name = Base; path = Base.lproj/LaunchScreen.storyboard; sourceTree = "<group>"; };
		258D38ED2508D9FB003F6D81 /* Info.plist */ = {isa = PBXFileReference; lastKnownFileType = text.plist.xml; path = Info.plist; sourceTree = "<group>"; };
		258D38F52508FD10003F6D81 /* MainTabBarController.swift */ = {isa = PBXFileReference; lastKnownFileType = sourcecode.swift; path = MainTabBarController.swift; sourceTree = "<group>"; };
		258D38F72508FD3C003F6D81 /* PersonViewController.swift */ = {isa = PBXFileReference; lastKnownFileType = sourcecode.swift; path = PersonViewController.swift; sourceTree = "<group>"; };
		258D38F92508FD52003F6D81 /* ContactViewController.swift */ = {isa = PBXFileReference; lastKnownFileType = sourcecode.swift; path = ContactViewController.swift; sourceTree = "<group>"; };
		258D38FB2508FD6E003F6D81 /* DetailViewController.swift */ = {isa = PBXFileReference; lastKnownFileType = sourcecode.swift; path = DetailViewController.swift; sourceTree = "<group>"; };
		258D39012508FE4D003F6D81 /* Person.swift */ = {isa = PBXFileReference; lastKnownFileType = sourcecode.swift; path = Person.swift; sourceTree = "<group>"; };
		258D39032508FE62003F6D81 /* DataManager.swift */ = {isa = PBXFileReference; lastKnownFileType = sourcecode.swift; path = DataManager.swift; sourceTree = "<group>"; };
/* End PBXFileReference section */

/* Begin PBXFrameworksBuildPhase section */
		258D38D92508D9FA003F6D81 /* Frameworks */ = {
			isa = PBXFrameworksBuildPhase;
			buildActionMask = 2147483647;
			files = (
			);
			runOnlyForDeploymentPostprocessing = 0;
		};
/* End PBXFrameworksBuildPhase section */

/* Begin PBXGroup section */
		258D38D32508D9FA003F6D81 = {
			isa = PBXGroup;
			children = (
				258D38DE2508D9FA003F6D81 /* ContactList */,
				258D38DD2508D9FA003F6D81 /* Products */,
			);
			sourceTree = "<group>";
		};
		258D38DD2508D9FA003F6D81 /* Products */ = {
			isa = PBXGroup;
			children = (
				258D38DC2508D9FA003F6D81 /* ContactList.app */,
			);
			name = Products;
			sourceTree = "<group>";
		};
		258D38DE2508D9FA003F6D81 /* ContactList */ = {
			isa = PBXGroup;
			children = (
				258D38FF2508FDB0003F6D81 /* Application */,
				258D38FE2508FD92003F6D81 /* Models */,
				258D38FD2508FD85003F6D81 /* Controllers */,
				258D39002508FDEC003F6D81 /* Resources */,
			);
			path = ContactList;
			sourceTree = "<group>";
		};
		258D38FD2508FD85003F6D81 /* Controllers */ = {
			isa = PBXGroup;
			children = (
				258D38F52508FD10003F6D81 /* MainTabBarController.swift */,
				258D38F72508FD3C003F6D81 /* PersonViewController.swift */,
				258D38F92508FD52003F6D81 /* ContactViewController.swift */,
				258D38FB2508FD6E003F6D81 /* DetailViewController.swift */,
			);
			path = Controllers;
			sourceTree = "<group>";
		};
		258D38FE2508FD92003F6D81 /* Models */ = {
			isa = PBXGroup;
			children = (
				258D39012508FE4D003F6D81 /* Person.swift */,
				258D39032508FE62003F6D81 /* DataManager.swift */,
			);
			path = Models;
			sourceTree = "<group>";
		};
		258D38FF2508FDB0003F6D81 /* Application */ = {
			isa = PBXGroup;
			children = (
				258D38DF2508D9FA003F6D81 /* AppDelegate.swift */,
				258D38E12508D9FA003F6D81 /* SceneDelegate.swift */,
				258D38E52508D9FA003F6D81 /* Main.storyboard */,
				258D38EA2508D9FB003F6D81 /* LaunchScreen.storyboard */,
			);
			path = Application;
			sourceTree = "<group>";
		};
		258D39002508FDEC003F6D81 /* Resources */ = {
			isa = PBXGroup;
			children = (
				258D38E82508D9FB003F6D81 /* Assets.xcassets */,
				258D38ED2508D9FB003F6D81 /* Info.plist */,
			);
			path = Resources;
			sourceTree = "<group>";
		};
/* End PBXGroup section */

/* Begin PBXNativeTarget section */
		258D38DB2508D9FA003F6D81 /* ContactList */ = {
			isa = PBXNativeTarget;
			buildConfigurationList = 258D38F02508D9FB003F6D81 /* Build configuration list for PBXNativeTarget "ContactList" */;
			buildPhases = (
				258D38D82508D9FA003F6D81 /* Sources */,
				258D38D92508D9FA003F6D81 /* Frameworks */,
				258D38DA2508D9FA003F6D81 /* Resources */,
			);
			buildRules = (
			);
			dependencies = (
			);
			name = ContactList;
			productName = ContactList;
			productReference = 258D38DC2508D9FA003F6D81 /* ContactList.app */;
			productType = "com.apple.product-type.application";
		};
/* End PBXNativeTarget section */

/* Begin PBXProject section */
		258D38D42508D9FA003F6D81 /* Project object */ = {
			isa = PBXProject;
			attributes = {
				LastSwiftUpdateCheck = 1170;
				LastUpgradeCheck = 1170;
				ORGANIZATIONNAME = "BEREZIN Stanislav";
				TargetAttributes = {
					258D38DB2508D9FA003F6D81 = {
						CreatedOnToolsVersion = 11.7;
					};
				};
			};
			buildConfigurationList = 258D38D72508D9FA003F6D81 /* Build configuration list for PBXProject "ContactList" */;
			compatibilityVersion = "Xcode 9.3";
			developmentRegion = en;
			hasScannedForEncodings = 0;
			knownRegions = (
				en,
				Base,
			);
			mainGroup = 258D38D32508D9FA003F6D81;
			productRefGroup = 258D38DD2508D9FA003F6D81 /* Products */;
			projectDirPath = "";
			projectRoot = "";
			targets = (
				258D38DB2508D9FA003F6D81 /* ContactList */,
			);
		};
/* End PBXProject section */

/* Begin PBXResourcesBuildPhase section */
		258D38DA2508D9FA003F6D81 /* Resources */ = {
			isa = PBXResourcesBuildPhase;
			buildActionMask = 2147483647;
			files = (
				258D38EC2508D9FB003F6D81 /* LaunchScreen.storyboard in Resources */,
				258D38E92508D9FB003F6D81 /* Assets.xcassets in Resources */,
				258D38E72508D9FA003F6D81 /* Main.storyboard in Resources */,
			);
			runOnlyForDeploymentPostprocessing = 0;
		};
/* End PBXResourcesBuildPhase section */

/* Begin PBXSourcesBuildPhase section */
		258D38D82508D9FA003F6D81 /* Sources */ = {
			isa = PBXSourcesBuildPhase;
			buildActionMask = 2147483647;
			files = (
				258D38F82508FD3C003F6D81 /* PersonViewController.swift in Sources */,
				258D39042508FE62003F6D81 /* DataManager.swift in Sources */,
				258D38E02508D9FA003F6D81 /* AppDelegate.swift in Sources */,
				258D38F62508FD10003F6D81 /* MainTabBarController.swift in Sources */,
				258D38E22508D9FA003F6D81 /* SceneDelegate.swift in Sources */,
				258D39022508FE4D003F6D81 /* Person.swift in Sources */,
				258D38FA2508FD52003F6D81 /* ContactViewController.swift in Sources */,
				258D38FC2508FD6E003F6D81 /* DetailViewController.swift in Sources */,
			);
			runOnlyForDeploymentPostprocessing = 0;
		};
/* End PBXSourcesBuildPhase section */

/* Begin PBXVariantGroup section */
		258D38E52508D9FA003F6D81 /* Main.storyboard */ = {
			isa = PBXVariantGroup;
			children = (
				258D38E62508D9FA003F6D81 /* Base */,
			);
			name = Main.storyboard;
			sourceTree = "<group>";
		};
		258D38EA2508D9FB003F6D81 /* LaunchScreen.storyboard */ = {
			isa = PBXVariantGroup;
			children = (
				258D38EB2508D9FB003F6D81 /* Base */,
			);
			name = LaunchScreen.storyboard;
			sourceTree = "<group>";
		};
/* End PBXVariantGroup section */

/* Begin XCBuildConfiguration section */
		258D38EE2508D9FB003F6D81 /* Debug */ = {
			isa = XCBuildConfiguration;
			buildSettings = {
				ALWAYS_SEARCH_USER_PATHS = NO;
				CLANG_ANALYZER_NONNULL = YES;
				CLANG_ANALYZER_NUMBER_OBJECT_CONVERSION = YES_AGGRESSIVE;
				CLANG_CXX_LANGUAGE_STANDARD = "gnu++14";
				CLANG_CXX_LIBRARY = "libc++";
				CLANG_ENABLE_MODULES = YES;
				CLANG_ENABLE_OBJC_ARC = YES;
				CLANG_ENABLE_OBJC_WEAK = YES;
				CLANG_WARN_BLOCK_CAPTURE_AUTORELEASING = YES;
				CLANG_WARN_BOOL_CONVERSION = YES;
				CLANG_WARN_COMMA = YES;
				CLANG_WARN_CONSTANT_CONVERSION = YES;
				CLANG_WARN_DEPRECATED_OBJC_IMPLEMENTATIONS = YES;
				CLANG_WARN_DIRECT_OBJC_ISA_USAGE = YES_ERROR;
				CLANG_WARN_DOCUMENTATION_COMMENTS = YES;
				CLANG_WARN_EMPTY_BODY = YES;
				CLANG_WARN_ENUM_CONVERSION = YES;
				CLANG_WARN_INFINITE_RECURSION = YES;
				CLANG_WARN_INT_CONVERSION = YES;
				CLANG_WARN_NON_LITERAL_NULL_CONVERSION = YES;
				CLANG_WARN_OBJC_IMPLICIT_RETAIN_SELF = YES;
				CLANG_WARN_OBJC_LITERAL_CONVERSION = YES;
				CLANG_WARN_OBJC_ROOT_CLASS = YES_ERROR;
				CLANG_WARN_RANGE_LOOP_ANALYSIS = YES;
				CLANG_WARN_STRICT_PROTOTYPES = YES;
				CLANG_WARN_SUSPICIOUS_MOVE = YES;
				CLANG_WARN_UNGUARDED_AVAILABILITY = YES_AGGRESSIVE;
				CLANG_WARN_UNREACHABLE_CODE = YES;
				CLANG_WARN__DUPLICATE_METHOD_MATCH = YES;
				COPY_PHASE_STRIP = NO;
				DEBUG_INFORMATION_FORMAT = dwarf;
				ENABLE_STRICT_OBJC_MSGSEND = YES;
				ENABLE_TESTABILITY = YES;
				GCC_C_LANGUAGE_STANDARD = gnu11;
				GCC_DYNAMIC_NO_PIC = NO;
				GCC_NO_COMMON_BLOCKS = YES;
				GCC_OPTIMIZATION_LEVEL = 0;
				GCC_PREPROCESSOR_DEFINITIONS = (
					"DEBUG=1",
					"$(inherited)",
				);
				GCC_WARN_64_TO_32_BIT_CONVERSION = YES;
				GCC_WARN_ABOUT_RETURN_TYPE = YES_ERROR;
				GCC_WARN_UNDECLARED_SELECTOR = YES;
				GCC_WARN_UNINITIALIZED_AUTOS = YES_AGGRESSIVE;
				GCC_WARN_UNUSED_FUNCTION = YES;
				GCC_WARN_UNUSED_VARIABLE = YES;
				IPHONEOS_DEPLOYMENT_TARGET = 13.7;
				MTL_ENABLE_DEBUG_INFO = INCLUDE_SOURCE;
				MTL_FAST_MATH = YES;
				ONLY_ACTIVE_ARCH = YES;
				SDKROOT = iphoneos;
				SWIFT_ACTIVE_COMPILATION_CONDITIONS = DEBUG;
				SWIFT_OPTIMIZATION_LEVEL = "-Onone";
			};
			name = Debug;
		};
		258D38EF2508D9FB003F6D81 /* Release */ = {
			isa = XCBuildConfiguration;
			buildSettings = {
				ALWAYS_SEARCH_USER_PATHS = NO;
				CLANG_ANALYZER_NONNULL = YES;
				CLANG_ANALYZER_NUMBER_OBJECT_CONVERSION = YES_AGGRESSIVE;
				CLANG_CXX_LANGUAGE_STANDARD = "gnu++14";
				CLANG_CXX_LIBRARY = "libc++";
				CLANG_ENABLE_MODULES = YES;
				CLANG_ENABLE_OBJC_ARC = YES;
				CLANG_ENABLE_OBJC_WEAK = YES;
				CLANG_WARN_BLOCK_CAPTURE_AUTORELEASING = YES;
				CLANG_WARN_BOOL_CONVERSION = YES;
				CLANG_WARN_COMMA = YES;
				CLANG_WARN_CONSTANT_CONVERSION = YES;
				CLANG_WARN_DEPRECATED_OBJC_IMPLEMENTATIONS = YES;
				CLANG_WARN_DIRECT_OBJC_ISA_USAGE = YES_ERROR;
				CLANG_WARN_DOCUMENTATION_COMMENTS = YES;
				CLANG_WARN_EMPTY_BODY = YES;
				CLANG_WARN_ENUM_CONVERSION = YES;
				CLANG_WARN_INFINITE_RECURSION = YES;
				CLANG_WARN_INT_CONVERSION = YES;
				CLANG_WARN_NON_LITERAL_NULL_CONVERSION = YES;
				CLANG_WARN_OBJC_IMPLICIT_RETAIN_SELF = YES;
				CLANG_WARN_OBJC_LITERAL_CONVERSION = YES;
				CLANG_WARN_OBJC_ROOT_CLASS = YES_ERROR;
				CLANG_WARN_RANGE_LOOP_ANALYSIS = YES;
				CLANG_WARN_STRICT_PROTOTYPES = YES;
				CLANG_WARN_SUSPICIOUS_MOVE = YES;
				CLANG_WARN_UNGUARDED_AVAILABILITY = YES_AGGRESSIVE;
				CLANG_WARN_UNREACHABLE_CODE = YES;
				CLANG_WARN__DUPLICATE_METHOD_MATCH = YES;
				COPY_PHASE_STRIP = NO;
				DEBUG_INFORMATION_FORMAT = "dwarf-with-dsym";
				ENABLE_NS_ASSERTIONS = NO;
				ENABLE_STRICT_OBJC_MSGSEND = YES;
				GCC_C_LANGUAGE_STANDARD = gnu11;
				GCC_NO_COMMON_BLOCKS = YES;
				GCC_WARN_64_TO_32_BIT_CONVERSION = YES;
				GCC_WARN_ABOUT_RETURN_TYPE = YES_ERROR;
				GCC_WARN_UNDECLARED_SELECTOR = YES;
				GCC_WARN_UNINITIALIZED_AUTOS = YES_AGGRESSIVE;
				GCC_WARN_UNUSED_FUNCTION = YES;
				GCC_WARN_UNUSED_VARIABLE = YES;
				IPHONEOS_DEPLOYMENT_TARGET = 13.7;
				MTL_ENABLE_DEBUG_INFO = NO;
				MTL_FAST_MATH = YES;
				SDKROOT = iphoneos;
				SWIFT_COMPILATION_MODE = wholemodule;
				SWIFT_OPTIMIZATION_LEVEL = "-O";
				VALIDATE_PRODUCT = YES;
			};
			name = Release;
		};
		258D38F12508D9FB003F6D81 /* Debug */ = {
			isa = XCBuildConfiguration;
			buildSettings = {
				ASSETCATALOG_COMPILER_APPICON_NAME = AppIcon;
				CODE_SIGN_STYLE = Automatic;
				INFOPLIST_FILE = "$(SRCROOT)/ContactList/Resources/Info.plist";
				LD_RUNPATH_SEARCH_PATHS = (
					"$(inherited)",
					"@executable_path/Frameworks",
				);
				PRODUCT_BUNDLE_IDENTIFIER = "com.QMS-Solutions.ContactList";
				PRODUCT_NAME = "$(TARGET_NAME)";
				SWIFT_VERSION = 5.0;
				TARGETED_DEVICE_FAMILY = "1,2";
			};
			name = Debug;
		};
		258D38F22508D9FB003F6D81 /* Release */ = {
			isa = XCBuildConfiguration;
			buildSettings = {
				ASSETCATALOG_COMPILER_APPICON_NAME = AppIcon;
				CODE_SIGN_STYLE = Automatic;
				INFOPLIST_FILE = "$(SRCROOT)/ContactList/Resources/Info.plist";
				LD_RUNPATH_SEARCH_PATHS = (
					"$(inherited)",
					"@executable_path/Frameworks",
				);
				PRODUCT_BUNDLE_IDENTIFIER = "com.QMS-Solutions.ContactList";
				PRODUCT_NAME = "$(TARGET_NAME)";
				SWIFT_VERSION = 5.0;
				TARGETED_DEVICE_FAMILY = "1,2";
			};
			name = Release;
		};
/* End XCBuildConfiguration section */

/* Begin XCConfigurationList section */
		258D38D72508D9FA003F6D81 /* Build configuration list for PBXProject "ContactList" */ = {
			isa = XCConfigurationList;
			buildConfigurations = (
				258D38EE2508D9FB003F6D81 /* Debug */,
				258D38EF2508D9FB003F6D81 /* Release */,
			);
			defaultConfigurationIsVisible = 0;
			defaultConfigurationName = Release;
		};
		258D38F02508D9FB003F6D81 /* Build configuration list for PBXNativeTarget "ContactList" */ = {
			isa = XCConfigurationList;
			buildConfigurations = (
				258D38F12508D9FB003F6D81 /* Debug */,
				258D38F22508D9FB003F6D81 /* Release */,
			);
			defaultConfigurationIsVisible = 0;
			defaultConfigurationName = Release;
		};
/* End XCConfigurationList section */
	};
	rootObject = 258D38D42508D9FA003F6D81 /* Project object */;
}
